
Microsoft Visual Studio Solution File, Format Version 12.00
# Visual Studio Version 16
VisualStudioVersion = 16.0.30711.63
MinimumVisualStudioVersion = 10.0.40219.1
Project("{9A19103F-16F7-4668-BE54-9A1E7A4F7556}") = "ScoutStudioOnline", "ScoutStudioOnline\ScoutStudioOnline.csproj", "{92756A04-32A6-45B4-9D93-696D839BC464}"
EndProject
Project("{9A19103F-16F7-4668-BE54-9A1E7A4F7556}") = "LeafletMapComponent", "LeafletMapComponent\LeafletMapComponent.csproj", "{5B657F48-6E8D-41B4-BF80-3F01D7EA3771}"
EndProject
Global
	GlobalSection(SolutionConfigurationPlatforms) = preSolution
		Debug|Any CPU = Debug|Any CPU
		Release|Any CPU = Release|Any CPU
	EndGlobalSection
	GlobalSection(ProjectConfigurationPlatforms) = postSolution
		{92756A04-32A6-45B4-9D93-696D839BC464}.Debug|Any CPU.ActiveCfg = Debug|Any CPU
		{92756A04-32A6-45B4-9D93-696D839BC464}.Debug|Any CPU.Build.0 = Debug|Any CPU
		{92756A04-32A6-45B4-9D93-696D839BC464}.Release|Any CPU.ActiveCfg = Release|Any CPU
		{92756A04-32A6-45B4-9D93-696D839BC464}.Release|Any CPU.Build.0 = Release|Any CPU
		{5B657F48-6E8D-41B4-BF80-3F01D7EA3771}.Debug|Any CPU.ActiveCfg = Debug|Any CPU
		{5B657F48-6E8D-41B4-BF80-3F01D7EA3771}.Debug|Any CPU.Build.0 = Debug|Any CPU
		{5B657F48-6E8D-41B4-BF80-3F01D7EA3771}.Release|Any CPU.ActiveCfg = Release|Any CPU
		{5B657F48-6E8D-41B4-BF80-3F01D7EA3771}.Release|Any CPU.Build.0 = Release|Any CPU
	EndGlobalSection
	GlobalSection(SolutionProperties) = preSolution
		HideSolutionNode = FALSE
	EndGlobalSection
	GlobalSection(ExtensibilityGlobals) = postSolution
		SolutionGuid = {F42C6C85-1AFC-4EAB-B664-39FA69D937BB}
	EndGlobalSection
EndGlobal
